
Microsoft Visual Studio Solution File, Format Version 12.00
# Visual Studio Version 17
VisualStudioVersion = 17.0.31903.59
MinimumVisualStudioVersion = 10.0.40219.1
Project("{2150E333-8FDC-42A3-9474-1A3956D46DE8}") = "src", "src", "{F8F87974-CFF9-401E-A65D-37E0AB5426D6}"
EndProject
Project("{FAE04EC0-301F-11D3-BF4B-00C04F79EFBC}") = "AuctionService", "src\AuctionService\AuctionService.csproj", "{2211EF39-FBB8-49A1-972F-961F59D328B5}"
EndProject
Global
	GlobalSection(SolutionConfigurationPlatforms) = preSolution
		Debug|Any CPU = Debug|Any CPU
		Release|Any CPU = Release|Any CPU
	EndGlobalSection
	GlobalSection(SolutionProperties) = preSolution
		HideSolutionNode = FALSE
	EndGlobalSection
	GlobalSection(ProjectConfigurationPlatforms) = postSolution
		{2211EF39-FBB8-49A1-972F-961F59D328B5}.Debug|Any CPU.ActiveCfg = Debug|Any CPU
		{2211EF39-FBB8-49A1-972F-961F59D328B5}.Debug|Any CPU.Build.0 = Debug|Any CPU
		{2211EF39-FBB8-49A1-972F-961F59D328B5}.Release|Any CPU.ActiveCfg = Release|Any CPU
		{2211EF39-FBB8-49A1-972F-961F59D328B5}.Release|Any CPU.Build.0 = Release|Any CPU
	EndGlobalSection
	GlobalSection(NestedProjects) = preSolution
		{2211EF39-FBB8-49A1-972F-961F59D328B5} = {F8F87974-CFF9-401E-A65D-37E0AB5426D6}
	EndGlobalSection
EndGlobal
